// !$*UTF8*$!
{
	archiveVersion = 1;
	classes = {
	};
	objectVersion = 56;
	objects = {

/* Begin PBXBuildFile section */
		03BCBC2A2987F11C00B3FF1A /* MainRealm.swift in Sources */ = {isa = PBXBuildFile; fileRef = 03BCBC292987F11C00B3FF1A /* MainRealm.swift */; };
		1C7B122D297B8FD800D784A3 /* AppDelegate.swift in Sources */ = {isa = PBXBuildFile; fileRef = 1C7B122C297B8FD800D784A3 /* AppDelegate.swift */; };
		1C7B122F297B8FD800D784A3 /* SceneDelegate.swift in Sources */ = {isa = PBXBuildFile; fileRef = 1C7B122E297B8FD800D784A3 /* SceneDelegate.swift */; };
		1C7B1231297B8FD800D784A3 /* WelcomeViewController.swift in Sources */ = {isa = PBXBuildFile; fileRef = 1C7B1230297B8FD800D784A3 /* WelcomeViewController.swift */; };
		1C7B1239297B8FDA00D784A3 /* LaunchScreen.storyboard in Resources */ = {isa = PBXBuildFile; fileRef = 1C7B1237297B8FDA00D784A3 /* LaunchScreen.storyboard */; };
		1C7B1244297B8FDA00D784A3 /* Tech_Accel_Travel_BookTests.swift in Sources */ = {isa = PBXBuildFile; fileRef = 1C7B1243297B8FDA00D784A3 /* Tech_Accel_Travel_BookTests.swift */; };
		1C7B124E297B8FDA00D784A3 /* Tech_Accel_Travel_BookUITests.swift in Sources */ = {isa = PBXBuildFile; fileRef = 1C7B124D297B8FDA00D784A3 /* Tech_Accel_Travel_BookUITests.swift */; };
		1C7B1250297B8FDA00D784A3 /* Tech_Accel_Travel_BookUITestsLaunchTests.swift in Sources */ = {isa = PBXBuildFile; fileRef = 1C7B124F297B8FDA00D784A3 /* Tech_Accel_Travel_BookUITestsLaunchTests.swift */; };
		1C7B125E297B901700D784A3 /* Realm in Frameworks */ = {isa = PBXBuildFile; productRef = 1C7B125D297B901700D784A3 /* Realm */; };
		1C7B1260297B901700D784A3 /* RealmSwift in Frameworks */ = {isa = PBXBuildFile; productRef = 1C7B125F297B901700D784A3 /* RealmSwift */; };
		1C7B1263297B96DA00D784A3 /* EditViewContoroller.swift in Sources */ = {isa = PBXBuildFile; fileRef = 1C7B1262297B96DA00D784A3 /* EditViewContoroller.swift */; };
		1C7B1265297B971300D784A3 /* ListViewController.swift in Sources */ = {isa = PBXBuildFile; fileRef = 1C7B1264297B971300D784A3 /* ListViewController.swift */; };
		1C7B1267297B973D00D784A3 /* LookViewContoroller.swift in Sources */ = {isa = PBXBuildFile; fileRef = 1C7B1266297B973D00D784A3 /* LookViewContoroller.swift */; };
		1C7B1269297B979000D784A3 /* Project.swift in Sources */ = {isa = PBXBuildFile; fileRef = 1C7B1268297B979000D784A3 /* Project.swift */; };
		731A1936299663910097F7EB /* LookViewControllerPreview.swift in Sources */ = {isa = PBXBuildFile; fileRef = 731A1935299663910097F7EB /* LookViewControllerPreview.swift */; };
		731A1938299663D60097F7EB /* PreviewProvider.swift in Sources */ = {isa = PBXBuildFile; fileRef = 731A1937299663D60097F7EB /* PreviewProvider.swift */; };
		731A193A299667830097F7EB /* WelcomeViewControllerPreview.swift in Sources */ = {isa = PBXBuildFile; fileRef = 731A1939299667830097F7EB /* WelcomeViewControllerPreview.swift */; };
		731A1940299667D00097F7EB /* ListViewControllerPreview.swift in Sources */ = {isa = PBXBuildFile; fileRef = 731A193F299667D00097F7EB /* ListViewControllerPreview.swift */; };
		731A19422996682F0097F7EB /* EditViewControllerPreview.swift in Sources */ = {isa = PBXBuildFile; fileRef = 731A19412996682F0097F7EB /* EditViewControllerPreview.swift */; };
		73298DF42986802B00D72323 /* Assets.xcassets in Resources */ = {isa = PBXBuildFile; fileRef = 73298DF32986802B00D72323 /* Assets.xcassets */; };
		734D6C79297D29DD00D14F3E /* Assets.swift in Sources */ = {isa = PBXBuildFile; fileRef = 734D6C78297D29DD00D14F3E /* Assets.swift */; };
		734D6C7B297D29FA00D14F3E /* Localizable.strings in Resources */ = {isa = PBXBuildFile; fileRef = 734D6C7A297D29FA00D14F3E /* Localizable.strings */; };
		734D6C7D297D2A0300D14F3E /* Localized.swift in Sources */ = {isa = PBXBuildFile; fileRef = 734D6C7C297D2A0300D14F3E /* Localized.swift */; };
		734D6C7F297D2A0E00D14F3E /* Instantiable.swift in Sources */ = {isa = PBXBuildFile; fileRef = 734D6C7E297D2A0E00D14F3E /* Instantiable.swift */; };
		735B1F002991449200DE786D /* EditViewController.storyboard in Resources */ = {isa = PBXBuildFile; fileRef = 735B1EFF2991449200DE786D /* EditViewController.storyboard */; };
		735B1F03299144BD00DE786D /* ListViewController.storyboard in Resources */ = {isa = PBXBuildFile; fileRef = 735B1F02299144BD00DE786D /* ListViewController.storyboard */; };
		735B1F06299144E400DE786D /* LookViewController.storyboard in Resources */ = {isa = PBXBuildFile; fileRef = 735B1F05299144E400DE786D /* LookViewController.storyboard */; };
/* End PBXBuildFile section */

/* Begin PBXContainerItemProxy section */
		1C7B1240297B8FDA00D784A3 /* PBXContainerItemProxy */ = {
			isa = PBXContainerItemProxy;
			containerPortal = 1C7B1221297B8FD800D784A3 /* Project object */;
			proxyType = 1;
			remoteGlobalIDString = 1C7B1228297B8FD800D784A3;
			remoteInfo = Tech_Accel_Travel_Book;
		};
		1C7B124A297B8FDA00D784A3 /* PBXContainerItemProxy */ = {
			isa = PBXContainerItemProxy;
			containerPortal = 1C7B1221297B8FD800D784A3 /* Project object */;
			proxyType = 1;
			remoteGlobalIDString = 1C7B1228297B8FD800D784A3;
			remoteInfo = Tech_Accel_Travel_Book;
		};
/* End PBXContainerItemProxy section */

/* Begin PBXFileReference section */
		03BCBC292987F11C00B3FF1A /* MainRealm.swift */ = {isa = PBXFileReference; lastKnownFileType = sourcecode.swift; path = MainRealm.swift; sourceTree = "<group>"; };
		1C7B1229297B8FD800D784A3 /* Tech_Accel_Travel_Book.app */ = {isa = PBXFileReference; explicitFileType = wrapper.application; includeInIndex = 0; path = Tech_Accel_Travel_Book.app; sourceTree = BUILT_PRODUCTS_DIR; };
		1C7B122C297B8FD800D784A3 /* AppDelegate.swift */ = {isa = PBXFileReference; lastKnownFileType = sourcecode.swift; path = AppDelegate.swift; sourceTree = "<group>"; };
		1C7B122E297B8FD800D784A3 /* SceneDelegate.swift */ = {isa = PBXFileReference; lastKnownFileType = sourcecode.swift; path = SceneDelegate.swift; sourceTree = "<group>"; };
		1C7B1230297B8FD800D784A3 /* WelcomeViewController.swift */ = {isa = PBXFileReference; lastKnownFileType = sourcecode.swift; path = WelcomeViewController.swift; sourceTree = "<group>"; };
		1C7B1238297B8FDA00D784A3 /* Base */ = {isa = PBXFileReference; lastKnownFileType = file.storyboard; name = Base; path = Base.lproj/LaunchScreen.storyboard; sourceTree = "<group>"; };
		1C7B123A297B8FDA00D784A3 /* Info.plist */ = {isa = PBXFileReference; lastKnownFileType = text.plist.xml; path = Info.plist; sourceTree = "<group>"; };
		1C7B123F297B8FDA00D784A3 /* Tech_Accel_Travel_BookTests.xctest */ = {isa = PBXFileReference; explicitFileType = wrapper.cfbundle; includeInIndex = 0; path = Tech_Accel_Travel_BookTests.xctest; sourceTree = BUILT_PRODUCTS_DIR; };
		1C7B1243297B8FDA00D784A3 /* Tech_Accel_Travel_BookTests.swift */ = {isa = PBXFileReference; lastKnownFileType = sourcecode.swift; path = Tech_Accel_Travel_BookTests.swift; sourceTree = "<group>"; };
		1C7B1249297B8FDA00D784A3 /* Tech_Accel_Travel_BookUITests.xctest */ = {isa = PBXFileReference; explicitFileType = wrapper.cfbundle; includeInIndex = 0; path = Tech_Accel_Travel_BookUITests.xctest; sourceTree = BUILT_PRODUCTS_DIR; };
		1C7B124D297B8FDA00D784A3 /* Tech_Accel_Travel_BookUITests.swift */ = {isa = PBXFileReference; lastKnownFileType = sourcecode.swift; path = Tech_Accel_Travel_BookUITests.swift; sourceTree = "<group>"; };
		1C7B124F297B8FDA00D784A3 /* Tech_Accel_Travel_BookUITestsLaunchTests.swift */ = {isa = PBXFileReference; lastKnownFileType = sourcecode.swift; path = Tech_Accel_Travel_BookUITestsLaunchTests.swift; sourceTree = "<group>"; };
		1C7B1262297B96DA00D784A3 /* EditViewContoroller.swift */ = {isa = PBXFileReference; lastKnownFileType = sourcecode.swift; path = EditViewContoroller.swift; sourceTree = "<group>"; };
		1C7B1264297B971300D784A3 /* ListViewController.swift */ = {isa = PBXFileReference; lastKnownFileType = sourcecode.swift; path = ListViewController.swift; sourceTree = "<group>"; };
		1C7B1266297B973D00D784A3 /* LookViewContoroller.swift */ = {isa = PBXFileReference; lastKnownFileType = sourcecode.swift; path = LookViewContoroller.swift; sourceTree = "<group>"; };
		1C7B1268297B979000D784A3 /* Project.swift */ = {isa = PBXFileReference; lastKnownFileType = sourcecode.swift; path = Project.swift; sourceTree = "<group>"; };
		731A1935299663910097F7EB /* LookViewControllerPreview.swift */ = {isa = PBXFileReference; lastKnownFileType = sourcecode.swift; path = LookViewControllerPreview.swift; sourceTree = "<group>"; };
		731A1937299663D60097F7EB /* PreviewProvider.swift */ = {isa = PBXFileReference; lastKnownFileType = sourcecode.swift; path = PreviewProvider.swift; sourceTree = "<group>"; };
		731A1939299667830097F7EB /* WelcomeViewControllerPreview.swift */ = {isa = PBXFileReference; lastKnownFileType = sourcecode.swift; path = WelcomeViewControllerPreview.swift; sourceTree = "<group>"; };
		731A193F299667D00097F7EB /* ListViewControllerPreview.swift */ = {isa = PBXFileReference; lastKnownFileType = sourcecode.swift; path = ListViewControllerPreview.swift; sourceTree = "<group>"; };
		731A19412996682F0097F7EB /* EditViewControllerPreview.swift */ = {isa = PBXFileReference; lastKnownFileType = sourcecode.swift; path = EditViewControllerPreview.swift; sourceTree = "<group>"; };
		73298DF32986802B00D72323 /* Assets.xcassets */ = {isa = PBXFileReference; lastKnownFileType = folder.assetcatalog; path = Assets.xcassets; sourceTree = "<group>"; };
		734D6C78297D29DD00D14F3E /* Assets.swift */ = {isa = PBXFileReference; lastKnownFileType = sourcecode.swift; path = Assets.swift; sourceTree = "<group>"; };
		734D6C7A297D29FA00D14F3E /* Localizable.strings */ = {isa = PBXFileReference; lastKnownFileType = text.plist.strings; path = Localizable.strings; sourceTree = "<group>"; };
		734D6C7C297D2A0300D14F3E /* Localized.swift */ = {isa = PBXFileReference; lastKnownFileType = sourcecode.swift; path = Localized.swift; sourceTree = "<group>"; };
		734D6C7E297D2A0E00D14F3E /* Instantiable.swift */ = {isa = PBXFileReference; lastKnownFileType = sourcecode.swift; path = Instantiable.swift; sourceTree = "<group>"; };
		735B1EFF2991449200DE786D /* EditViewController.storyboard */ = {isa = PBXFileReference; lastKnownFileType = file.storyboard; path = EditViewController.storyboard; sourceTree = "<group>"; };
		735B1F02299144BD00DE786D /* ListViewController.storyboard */ = {isa = PBXFileReference; lastKnownFileType = file.storyboard; path = ListViewController.storyboard; sourceTree = "<group>"; };
		735B1F05299144E400DE786D /* LookViewController.storyboard */ = {isa = PBXFileReference; lastKnownFileType = file.storyboard; path = LookViewController.storyboard; sourceTree = "<group>"; };
/* End PBXFileReference section */

/* Begin PBXFrameworksBuildPhase section */
		1C7B1226297B8FD800D784A3 /* Frameworks */ = {
			isa = PBXFrameworksBuildPhase;
			buildActionMask = 2147483647;
			files = (
				1C7B1260297B901700D784A3 /* RealmSwift in Frameworks */,
				1C7B125E297B901700D784A3 /* Realm in Frameworks */,
			);
			runOnlyForDeploymentPostprocessing = 0;
		};
		1C7B123C297B8FDA00D784A3 /* Frameworks */ = {
			isa = PBXFrameworksBuildPhase;
			buildActionMask = 2147483647;
			files = (
			);
			runOnlyForDeploymentPostprocessing = 0;
		};
		1C7B1246297B8FDA00D784A3 /* Frameworks */ = {
			isa = PBXFrameworksBuildPhase;
			buildActionMask = 2147483647;
			files = (
			);
			runOnlyForDeploymentPostprocessing = 0;
		};
/* End PBXFrameworksBuildPhase section */

/* Begin PBXGroup section */
		1C7B1220297B8FD800D784A3 = {
			isa = PBXGroup;
			children = (
				1C7B122B297B8FD800D784A3 /* Tech_Accel_Travel_Book */,
				1C7B1242297B8FDA00D784A3 /* Tech_Accel_Travel_BookTests */,
				1C7B124C297B8FDA00D784A3 /* Tech_Accel_Travel_BookUITests */,
				1C7B122A297B8FD800D784A3 /* Products */,
			);
			sourceTree = "<group>";
		};
		1C7B122A297B8FD800D784A3 /* Products */ = {
			isa = PBXGroup;
			children = (
				1C7B1229297B8FD800D784A3 /* Tech_Accel_Travel_Book.app */,
				1C7B123F297B8FDA00D784A3 /* Tech_Accel_Travel_BookTests.xctest */,
				1C7B1249297B8FDA00D784A3 /* Tech_Accel_Travel_BookUITests.xctest */,
			);
			name = Products;
			sourceTree = "<group>";
		};
		1C7B122B297B8FD800D784A3 /* Tech_Accel_Travel_Book */ = {
			isa = PBXGroup;
			children = (
				734D6C77297D29CE00D14F3E /* Common */,
				1C7B122C297B8FD800D784A3 /* AppDelegate.swift */,
				1C7B122E297B8FD800D784A3 /* SceneDelegate.swift */,
				1C7B1261297B965500D784A3 /* ViewContoroller */,
				1C7B126A297B979700D784A3 /* Models */,
				1C7B1237297B8FDA00D784A3 /* LaunchScreen.storyboard */,
				1C7B123A297B8FDA00D784A3 /* Info.plist */,
			);
			path = Tech_Accel_Travel_Book;
			sourceTree = "<group>";
		};
		1C7B1242297B8FDA00D784A3 /* Tech_Accel_Travel_BookTests */ = {
			isa = PBXGroup;
			children = (
				1C7B1243297B8FDA00D784A3 /* Tech_Accel_Travel_BookTests.swift */,
			);
			path = Tech_Accel_Travel_BookTests;
			sourceTree = "<group>";
		};
		1C7B124C297B8FDA00D784A3 /* Tech_Accel_Travel_BookUITests */ = {
			isa = PBXGroup;
			children = (
				1C7B124D297B8FDA00D784A3 /* Tech_Accel_Travel_BookUITests.swift */,
				1C7B124F297B8FDA00D784A3 /* Tech_Accel_Travel_BookUITestsLaunchTests.swift */,
			);
			path = Tech_Accel_Travel_BookUITests;
			sourceTree = "<group>";
		};
		1C7B1261297B965500D784A3 /* ViewContoroller */ = {
			isa = PBXGroup;
			children = (
				735B1F04299144D700DE786D /* Look */,
				735B1F01299144AB00DE786D /* List */,
				735B1EFE2991448700DE786D /* Edit */,
				735B1EFB2991444800DE786D /* Welcome */,
			);
			path = ViewContoroller;
			sourceTree = "<group>";
		};
		1C7B126A297B979700D784A3 /* Models */ = {
			isa = PBXGroup;
			children = (
				1C7B1268297B979000D784A3 /* Project.swift */,
				03BCBC292987F11C00B3FF1A /* MainRealm.swift */,
			);
			path = Models;
			sourceTree = "<group>";
		};
		731A193B299667B00097F7EB /* Preview */ = {
			isa = PBXGroup;
			children = (
				731A1935299663910097F7EB /* LookViewControllerPreview.swift */,
			);
			path = Preview;
			sourceTree = "<group>";
		};
		731A193C299667B80097F7EB /* Preview */ = {
			isa = PBXGroup;
			children = (
				731A1939299667830097F7EB /* WelcomeViewControllerPreview.swift */,
			);
			path = Preview;
			sourceTree = "<group>";
		};
		731A193D299667C00097F7EB /* Preview */ = {
			isa = PBXGroup;
			children = (
				731A193F299667D00097F7EB /* ListViewControllerPreview.swift */,
			);
			path = Preview;
			sourceTree = "<group>";
		};
		731A193E299667C50097F7EB /* Preview */ = {
			isa = PBXGroup;
			children = (
				731A19412996682F0097F7EB /* EditViewControllerPreview.swift */,
			);
			path = Preview;
			sourceTree = "<group>";
		};
		734D6C77297D29CE00D14F3E /* Common */ = {
			isa = PBXGroup;
			children = (
				734D6C78297D29DD00D14F3E /* Assets.swift */,
				734D6C7A297D29FA00D14F3E /* Localizable.strings */,
				734D6C7C297D2A0300D14F3E /* Localized.swift */,
				734D6C7E297D2A0E00D14F3E /* Instantiable.swift */,
				73298DF32986802B00D72323 /* Assets.xcassets */,
				731A1937299663D60097F7EB /* PreviewProvider.swift */,
			);
			path = Common;
			sourceTree = "<group>";
		};
		735B1EFB2991444800DE786D /* Welcome */ = {
			isa = PBXGroup;
			children = (
				731A193C299667B80097F7EB /* Preview */,
				1C7B1230297B8FD800D784A3 /* WelcomeViewController.swift */,
			);
			path = Welcome;
			sourceTree = "<group>";
		};
		735B1EFE2991448700DE786D /* Edit */ = {
			isa = PBXGroup;
			children = (
				731A193E299667C50097F7EB /* Preview */,
				1C7B1262297B96DA00D784A3 /* EditViewContoroller.swift */,
				735B1EFF2991449200DE786D /* EditViewController.storyboard */,
			);
			path = Edit;
			sourceTree = "<group>";
		};
		735B1F01299144AB00DE786D /* List */ = {
			isa = PBXGroup;
			children = (
				731A193D299667C00097F7EB /* Preview */,
				1C7B1264297B971300D784A3 /* ListViewController.swift */,
				735B1F02299144BD00DE786D /* ListViewController.storyboard */,
			);
			path = List;
			sourceTree = "<group>";
		};
		735B1F04299144D700DE786D /* Look */ = {
			isa = PBXGroup;
			children = (
				731A193B299667B00097F7EB /* Preview */,
				1C7B1266297B973D00D784A3 /* LookViewContoroller.swift */,
				735B1F05299144E400DE786D /* LookViewController.storyboard */,
			);
			path = Look;
			sourceTree = "<group>";
		};
/* End PBXGroup section */

/* Begin PBXNativeTarget section */
		1C7B1228297B8FD800D784A3 /* Tech_Accel_Travel_Book */ = {
			isa = PBXNativeTarget;
			buildConfigurationList = 1C7B1253297B8FDA00D784A3 /* Build configuration list for PBXNativeTarget "Tech_Accel_Travel_Book" */;
			buildPhases = (
				1C7B1225297B8FD800D784A3 /* Sources */,
				1C7B1226297B8FD800D784A3 /* Frameworks */,
				1C7B1227297B8FD800D784A3 /* Resources */,
				734D6C80297D2ADE00D14F3E /* ShellScript */,
				734D6C81297D2AE000D14F3E /* ShellScript */,
			);
			buildRules = (
			);
			dependencies = (
			);
			name = Tech_Accel_Travel_Book;
			packageProductDependencies = (
				1C7B125D297B901700D784A3 /* Realm */,
				1C7B125F297B901700D784A3 /* RealmSwift */,
			);
			productName = Tech_Accel_Travel_Book;
			productReference = 1C7B1229297B8FD800D784A3 /* Tech_Accel_Travel_Book.app */;
			productType = "com.apple.product-type.application";
		};
		1C7B123E297B8FDA00D784A3 /* Tech_Accel_Travel_BookTests */ = {
			isa = PBXNativeTarget;
			buildConfigurationList = 1C7B1256297B8FDA00D784A3 /* Build configuration list for PBXNativeTarget "Tech_Accel_Travel_BookTests" */;
			buildPhases = (
				1C7B123B297B8FDA00D784A3 /* Sources */,
				1C7B123C297B8FDA00D784A3 /* Frameworks */,
				1C7B123D297B8FDA00D784A3 /* Resources */,
			);
			buildRules = (
			);
			dependencies = (
				1C7B1241297B8FDA00D784A3 /* PBXTargetDependency */,
			);
			name = Tech_Accel_Travel_BookTests;
			productName = Tech_Accel_Travel_BookTests;
			productReference = 1C7B123F297B8FDA00D784A3 /* Tech_Accel_Travel_BookTests.xctest */;
			productType = "com.apple.product-type.bundle.unit-test";
		};
		1C7B1248297B8FDA00D784A3 /* Tech_Accel_Travel_BookUITests */ = {
			isa = PBXNativeTarget;
			buildConfigurationList = 1C7B1259297B8FDA00D784A3 /* Build configuration list for PBXNativeTarget "Tech_Accel_Travel_BookUITests" */;
			buildPhases = (
				1C7B1245297B8FDA00D784A3 /* Sources */,
				1C7B1246297B8FDA00D784A3 /* Frameworks */,
				1C7B1247297B8FDA00D784A3 /* Resources */,
			);
			buildRules = (
			);
			dependencies = (
				1C7B124B297B8FDA00D784A3 /* PBXTargetDependency */,
			);
			name = Tech_Accel_Travel_BookUITests;
			productName = Tech_Accel_Travel_BookUITests;
			productReference = 1C7B1249297B8FDA00D784A3 /* Tech_Accel_Travel_BookUITests.xctest */;
			productType = "com.apple.product-type.bundle.ui-testing";
		};
/* End PBXNativeTarget section */

/* Begin PBXProject section */
		1C7B1221297B8FD800D784A3 /* Project object */ = {
			isa = PBXProject;
			attributes = {
				BuildIndependentTargetsInParallel = 1;
				LastSwiftUpdateCheck = 1410;
				LastUpgradeCheck = 1410;
				TargetAttributes = {
					1C7B1228297B8FD800D784A3 = {
						CreatedOnToolsVersion = 14.1;
					};
					1C7B123E297B8FDA00D784A3 = {
						CreatedOnToolsVersion = 14.1;
						TestTargetID = 1C7B1228297B8FD800D784A3;
					};
					1C7B1248297B8FDA00D784A3 = {
						CreatedOnToolsVersion = 14.1;
						TestTargetID = 1C7B1228297B8FD800D784A3;
					};
				};
			};
			buildConfigurationList = 1C7B1224297B8FD800D784A3 /* Build configuration list for PBXProject "Tech_Accel_Travel_Book" */;
			compatibilityVersion = "Xcode 14.0";
			developmentRegion = en;
			hasScannedForEncodings = 0;
			knownRegions = (
				en,
				Base,
			);
			mainGroup = 1C7B1220297B8FD800D784A3;
			packageReferences = (
				1C7B125C297B901700D784A3 /* XCRemoteSwiftPackageReference "realm-swift" */,
			);
			productRefGroup = 1C7B122A297B8FD800D784A3 /* Products */;
			projectDirPath = "";
			projectRoot = "";
			targets = (
				1C7B1228297B8FD800D784A3 /* Tech_Accel_Travel_Book */,
				1C7B123E297B8FDA00D784A3 /* Tech_Accel_Travel_BookTests */,
				1C7B1248297B8FDA00D784A3 /* Tech_Accel_Travel_BookUITests */,
			);
		};
/* End PBXProject section */

/* Begin PBXResourcesBuildPhase section */
		1C7B1227297B8FD800D784A3 /* Resources */ = {
			isa = PBXResourcesBuildPhase;
			buildActionMask = 2147483647;
			files = (
				735B1F03299144BD00DE786D /* ListViewController.storyboard in Resources */,
				735B1F06299144E400DE786D /* LookViewController.storyboard in Resources */,
				734D6C7B297D29FA00D14F3E /* Localizable.strings in Resources */,
				735B1F002991449200DE786D /* EditViewController.storyboard in Resources */,
				73298DF42986802B00D72323 /* Assets.xcassets in Resources */,
				1C7B1239297B8FDA00D784A3 /* LaunchScreen.storyboard in Resources */,
			);
			runOnlyForDeploymentPostprocessing = 0;
		};
		1C7B123D297B8FDA00D784A3 /* Resources */ = {
			isa = PBXResourcesBuildPhase;
			buildActionMask = 2147483647;
			files = (
			);
			runOnlyForDeploymentPostprocessing = 0;
		};
		1C7B1247297B8FDA00D784A3 /* Resources */ = {
			isa = PBXResourcesBuildPhase;
			buildActionMask = 2147483647;
			files = (
			);
			runOnlyForDeploymentPostprocessing = 0;
		};
/* End PBXResourcesBuildPhase section */

/* Begin PBXShellScriptBuildPhase section */
		734D6C80297D2ADE00D14F3E /* ShellScript */ = {
			isa = PBXShellScriptBuildPhase;
			buildActionMask = 2147483647;
			files = (
			);
			inputFileListPaths = (
			);
			inputPaths = (
			);
			outputFileListPaths = (
			);
			outputPaths = (
			);
			runOnlyForDeploymentPostprocessing = 0;
			shellPath = /bin/sh;
			shellScript = "if test -d /opt/homebrew/bin; then\n    PATH=/opt/homebrew/bin/:$PATH\nfi\n\nif which swiftlint >/dev/null; then\n    swiftlint\nelse\n    echo \"warning: SwiftLint not installed, download from https://github.com/realm/SwiftLint\"\nfi\n";
		};
		734D6C81297D2AE000D14F3E /* ShellScript */ = {
			isa = PBXShellScriptBuildPhase;
			buildActionMask = 2147483647;
			files = (
			);
			inputFileListPaths = (
			);
			inputPaths = (
			);
			outputFileListPaths = (
			);
			outputPaths = (
			);
			runOnlyForDeploymentPostprocessing = 0;
			shellPath = /bin/sh;
			shellScript = "export PATH=/opt/homebrew/bin:$PATH\n\nif which mint >/dev/null; then\n    # SwiftGen\n    xcrun --sdk macosx mint run swiftgen\nelse \n    echo 'warning: mint not installed.'\nfi\n";
		};
/* End PBXShellScriptBuildPhase section */

/* Begin PBXSourcesBuildPhase section */
		1C7B1225297B8FD800D784A3 /* Sources */ = {
			isa = PBXSourcesBuildPhase;
			buildActionMask = 2147483647;
			files = (
				1C7B1263297B96DA00D784A3 /* EditViewContoroller.swift in Sources */,
				731A19422996682F0097F7EB /* EditViewControllerPreview.swift in Sources */,
				1C7B1231297B8FD800D784A3 /* WelcomeViewController.swift in Sources */,
				734D6C79297D29DD00D14F3E /* Assets.swift in Sources */,
				1C7B122D297B8FD800D784A3 /* AppDelegate.swift in Sources */,
				731A1940299667D00097F7EB /* ListViewControllerPreview.swift in Sources */,
				731A1936299663910097F7EB /* LookViewControllerPreview.swift in Sources */,
				734D6C7D297D2A0300D14F3E /* Localized.swift in Sources */,
				1C7B1265297B971300D784A3 /* ListViewController.swift in Sources */,
				1C7B122F297B8FD800D784A3 /* SceneDelegate.swift in Sources */,
				03BCBC2A2987F11C00B3FF1A /* MainRealm.swift in Sources */,
				734D6C7F297D2A0E00D14F3E /* Instantiable.swift in Sources */,
				731A193A299667830097F7EB /* WelcomeViewControllerPreview.swift in Sources */,
				1C7B1269297B979000D784A3 /* Project.swift in Sources */,
				1C7B1267297B973D00D784A3 /* LookViewContoroller.swift in Sources */,
				731A1938299663D60097F7EB /* PreviewProvider.swift in Sources */,
			);
			runOnlyForDeploymentPostprocessing = 0;
		};
		1C7B123B297B8FDA00D784A3 /* Sources */ = {
			isa = PBXSourcesBuildPhase;
			buildActionMask = 2147483647;
			files = (
				1C7B1244297B8FDA00D784A3 /* Tech_Accel_Travel_BookTests.swift in Sources */,
			);
			runOnlyForDeploymentPostprocessing = 0;
		};
		1C7B1245297B8FDA00D784A3 /* Sources */ = {
			isa = PBXSourcesBuildPhase;
			buildActionMask = 2147483647;
			files = (
				1C7B1250297B8FDA00D784A3 /* Tech_Accel_Travel_BookUITestsLaunchTests.swift in Sources */,
				1C7B124E297B8FDA00D784A3 /* Tech_Accel_Travel_BookUITests.swift in Sources */,
			);
			runOnlyForDeploymentPostprocessing = 0;
		};
/* End PBXSourcesBuildPhase section */

/* Begin PBXTargetDependency section */
		1C7B1241297B8FDA00D784A3 /* PBXTargetDependency */ = {
			isa = PBXTargetDependency;
			target = 1C7B1228297B8FD800D784A3 /* Tech_Accel_Travel_Book */;
			targetProxy = 1C7B1240297B8FDA00D784A3 /* PBXContainerItemProxy */;
		};
		1C7B124B297B8FDA00D784A3 /* PBXTargetDependency */ = {
			isa = PBXTargetDependency;
			target = 1C7B1228297B8FD800D784A3 /* Tech_Accel_Travel_Book */;
			targetProxy = 1C7B124A297B8FDA00D784A3 /* PBXContainerItemProxy */;
		};
/* End PBXTargetDependency section */

/* Begin PBXVariantGroup section */
		1C7B1237297B8FDA00D784A3 /* LaunchScreen.storyboard */ = {
			isa = PBXVariantGroup;
			children = (
				1C7B1238297B8FDA00D784A3 /* Base */,
			);
			name = LaunchScreen.storyboard;
			sourceTree = "<group>";
		};
/* End PBXVariantGroup section */

/* Begin XCBuildConfiguration section */
		1C7B1251297B8FDA00D784A3 /* Debug */ = {
			isa = XCBuildConfiguration;
			buildSettings = {
				ALWAYS_SEARCH_USER_PATHS = NO;
				CLANG_ANALYZER_NONNULL = YES;
				CLANG_ANALYZER_NUMBER_OBJECT_CONVERSION = YES_AGGRESSIVE;
				CLANG_CXX_LANGUAGE_STANDARD = "gnu++20";
				CLANG_ENABLE_MODULES = YES;
				CLANG_ENABLE_OBJC_ARC = YES;
				CLANG_ENABLE_OBJC_WEAK = YES;
				CLANG_WARN_BLOCK_CAPTURE_AUTORELEASING = YES;
				CLANG_WARN_BOOL_CONVERSION = YES;
				CLANG_WARN_COMMA = YES;
				CLANG_WARN_CONSTANT_CONVERSION = YES;
				CLANG_WARN_DEPRECATED_OBJC_IMPLEMENTATIONS = YES;
				CLANG_WARN_DIRECT_OBJC_ISA_USAGE = YES_ERROR;
				CLANG_WARN_DOCUMENTATION_COMMENTS = YES;
				CLANG_WARN_EMPTY_BODY = YES;
				CLANG_WARN_ENUM_CONVERSION = YES;
				CLANG_WARN_INFINITE_RECURSION = YES;
				CLANG_WARN_INT_CONVERSION = YES;
				CLANG_WARN_NON_LITERAL_NULL_CONVERSION = YES;
				CLANG_WARN_OBJC_IMPLICIT_RETAIN_SELF = YES;
				CLANG_WARN_OBJC_LITERAL_CONVERSION = YES;
				CLANG_WARN_OBJC_ROOT_CLASS = YES_ERROR;
				CLANG_WARN_QUOTED_INCLUDE_IN_FRAMEWORK_HEADER = YES;
				CLANG_WARN_RANGE_LOOP_ANALYSIS = YES;
				CLANG_WARN_STRICT_PROTOTYPES = YES;
				CLANG_WARN_SUSPICIOUS_MOVE = YES;
				CLANG_WARN_UNGUARDED_AVAILABILITY = YES_AGGRESSIVE;
				CLANG_WARN_UNREACHABLE_CODE = YES;
				CLANG_WARN__DUPLICATE_METHOD_MATCH = YES;
				COPY_PHASE_STRIP = NO;
				DEBUG_INFORMATION_FORMAT = dwarf;
				ENABLE_STRICT_OBJC_MSGSEND = YES;
				ENABLE_TESTABILITY = YES;
				GCC_C_LANGUAGE_STANDARD = gnu11;
				GCC_DYNAMIC_NO_PIC = NO;
				GCC_NO_COMMON_BLOCKS = YES;
				GCC_OPTIMIZATION_LEVEL = 0;
				GCC_PREPROCESSOR_DEFINITIONS = (
					"DEBUG=1",
					"$(inherited)",
				);
				GCC_WARN_64_TO_32_BIT_CONVERSION = YES;
				GCC_WARN_ABOUT_RETURN_TYPE = YES_ERROR;
				GCC_WARN_UNDECLARED_SELECTOR = YES;
				GCC_WARN_UNINITIALIZED_AUTOS = YES_AGGRESSIVE;
				GCC_WARN_UNUSED_FUNCTION = YES;
				GCC_WARN_UNUSED_VARIABLE = YES;
				IPHONEOS_DEPLOYMENT_TARGET = 16.1;
				MTL_ENABLE_DEBUG_INFO = INCLUDE_SOURCE;
				MTL_FAST_MATH = YES;
				ONLY_ACTIVE_ARCH = YES;
				SDKROOT = iphoneos;
				SWIFT_ACTIVE_COMPILATION_CONDITIONS = DEBUG;
				SWIFT_OPTIMIZATION_LEVEL = "-Onone";
			};
			name = Debug;
		};
		1C7B1252297B8FDA00D784A3 /* Release */ = {
			isa = XCBuildConfiguration;
			buildSettings = {
				ALWAYS_SEARCH_USER_PATHS = NO;
				CLANG_ANALYZER_NONNULL = YES;
				CLANG_ANALYZER_NUMBER_OBJECT_CONVERSION = YES_AGGRESSIVE;
				CLANG_CXX_LANGUAGE_STANDARD = "gnu++20";
				CLANG_ENABLE_MODULES = YES;
				CLANG_ENABLE_OBJC_ARC = YES;
				CLANG_ENABLE_OBJC_WEAK = YES;
				CLANG_WARN_BLOCK_CAPTURE_AUTORELEASING = YES;
				CLANG_WARN_BOOL_CONVERSION = YES;
				CLANG_WARN_COMMA = YES;
				CLANG_WARN_CONSTANT_CONVERSION = YES;
				CLANG_WARN_DEPRECATED_OBJC_IMPLEMENTATIONS = YES;
				CLANG_WARN_DIRECT_OBJC_ISA_USAGE = YES_ERROR;
				CLANG_WARN_DOCUMENTATION_COMMENTS = YES;
				CLANG_WARN_EMPTY_BODY = YES;
				CLANG_WARN_ENUM_CONVERSION = YES;
				CLANG_WARN_INFINITE_RECURSION = YES;
				CLANG_WARN_INT_CONVERSION = YES;
				CLANG_WARN_NON_LITERAL_NULL_CONVERSION = YES;
				CLANG_WARN_OBJC_IMPLICIT_RETAIN_SELF = YES;
				CLANG_WARN_OBJC_LITERAL_CONVERSION = YES;
				CLANG_WARN_OBJC_ROOT_CLASS = YES_ERROR;
				CLANG_WARN_QUOTED_INCLUDE_IN_FRAMEWORK_HEADER = YES;
				CLANG_WARN_RANGE_LOOP_ANALYSIS = YES;
				CLANG_WARN_STRICT_PROTOTYPES = YES;
				CLANG_WARN_SUSPICIOUS_MOVE = YES;
				CLANG_WARN_UNGUARDED_AVAILABILITY = YES_AGGRESSIVE;
				CLANG_WARN_UNREACHABLE_CODE = YES;
				CLANG_WARN__DUPLICATE_METHOD_MATCH = YES;
				COPY_PHASE_STRIP = NO;
				DEBUG_INFORMATION_FORMAT = "dwarf-with-dsym";
				ENABLE_NS_ASSERTIONS = NO;
				ENABLE_STRICT_OBJC_MSGSEND = YES;
				GCC_C_LANGUAGE_STANDARD = gnu11;
				GCC_NO_COMMON_BLOCKS = YES;
				GCC_WARN_64_TO_32_BIT_CONVERSION = YES;
				GCC_WARN_ABOUT_RETURN_TYPE = YES_ERROR;
				GCC_WARN_UNDECLARED_SELECTOR = YES;
				GCC_WARN_UNINITIALIZED_AUTOS = YES_AGGRESSIVE;
				GCC_WARN_UNUSED_FUNCTION = YES;
				GCC_WARN_UNUSED_VARIABLE = YES;
				IPHONEOS_DEPLOYMENT_TARGET = 16.1;
				MTL_ENABLE_DEBUG_INFO = NO;
				MTL_FAST_MATH = YES;
				SDKROOT = iphoneos;
				SWIFT_COMPILATION_MODE = wholemodule;
				SWIFT_OPTIMIZATION_LEVEL = "-O";
				VALIDATE_PRODUCT = YES;
			};
			name = Release;
		};
		1C7B1254297B8FDA00D784A3 /* Debug */ = {
			isa = XCBuildConfiguration;
			buildSettings = {
				ASSETCATALOG_COMPILER_APPICON_NAME = AppIcon;
				ASSETCATALOG_COMPILER_GLOBAL_ACCENT_COLOR_NAME = AccentColor;
				ASSETCATALOG_COMPILER_INCLUDE_ALL_APPICON_ASSETS = NO;
				CODE_SIGN_STYLE = Automatic;
				CURRENT_PROJECT_VERSION = 1;
				GENERATE_INFOPLIST_FILE = YES;
				INFOPLIST_FILE = Tech_Accel_Travel_Book/Info.plist;
				INFOPLIST_KEY_UIApplicationSupportsIndirectInputEvents = YES;
				INFOPLIST_KEY_UILaunchStoryboardName = LaunchScreen;
				INFOPLIST_KEY_UISupportedInterfaceOrientations_iPad = "UIInterfaceOrientationPortrait UIInterfaceOrientationPortraitUpsideDown UIInterfaceOrientationLandscapeLeft UIInterfaceOrientationLandscapeRight";
				INFOPLIST_KEY_UISupportedInterfaceOrientations_iPhone = "UIInterfaceOrientationPortrait UIInterfaceOrientationLandscapeLeft UIInterfaceOrientationLandscapeRight";
				LD_RUNPATH_SEARCH_PATHS = (
					"$(inherited)",
					"@executable_path/Frameworks",
				);
				MARKETING_VERSION = 1.0;
				PRODUCT_BUNDLE_IDENTIFIER = "tanobe-kai-cyberagent.co.jp.Tech-Accel-Travel-Book";
				PRODUCT_NAME = "$(TARGET_NAME)";
				SWIFT_EMIT_LOC_STRINGS = YES;
				SWIFT_VERSION = 5.0;
				TARGETED_DEVICE_FAMILY = "1,2";
			};
			name = Debug;
		};
		1C7B1255297B8FDA00D784A3 /* Release */ = {
			isa = XCBuildConfiguration;
			buildSettings = {
				ASSETCATALOG_COMPILER_APPICON_NAME = AppIcon;
				ASSETCATALOG_COMPILER_GLOBAL_ACCENT_COLOR_NAME = AccentColor;
				ASSETCATALOG_COMPILER_INCLUDE_ALL_APPICON_ASSETS = NO;
				CODE_SIGN_STYLE = Automatic;
				CURRENT_PROJECT_VERSION = 1;
				GENERATE_INFOPLIST_FILE = YES;
				INFOPLIST_FILE = Tech_Accel_Travel_Book/Info.plist;
				INFOPLIST_KEY_UIApplicationSupportsIndirectInputEvents = YES;
				INFOPLIST_KEY_UILaunchStoryboardName = LaunchScreen;
				INFOPLIST_KEY_UISupportedInterfaceOrientations_iPad = "UIInterfaceOrientationPortrait UIInterfaceOrientationPortraitUpsideDown UIInterfaceOrientationLandscapeLeft UIInterfaceOrientationLandscapeRight";
				INFOPLIST_KEY_UISupportedInterfaceOrientations_iPhone = "UIInterfaceOrientationPortrait UIInterfaceOrientationLandscapeLeft UIInterfaceOrientationLandscapeRight";
				LD_RUNPATH_SEARCH_PATHS = (
					"$(inherited)",
					"@executable_path/Frameworks",
				);
				MARKETING_VERSION = 1.0;
				PRODUCT_BUNDLE_IDENTIFIER = "tanobe-kai-cyberagent.co.jp.Tech-Accel-Travel-Book";
				PRODUCT_NAME = "$(TARGET_NAME)";
				SWIFT_EMIT_LOC_STRINGS = YES;
				SWIFT_VERSION = 5.0;
				TARGETED_DEVICE_FAMILY = "1,2";
			};
			name = Release;
		};
		1C7B1257297B8FDA00D784A3 /* Debug */ = {
			isa = XCBuildConfiguration;
			buildSettings = {
				ALWAYS_EMBED_SWIFT_STANDARD_LIBRARIES = YES;
				BUNDLE_LOADER = "$(TEST_HOST)";
				CODE_SIGN_STYLE = Automatic;
				CURRENT_PROJECT_VERSION = 1;
				GENERATE_INFOPLIST_FILE = YES;
				IPHONEOS_DEPLOYMENT_TARGET = 16.1;
				MARKETING_VERSION = 1.0;
				PRODUCT_BUNDLE_IDENTIFIER = "tanobe-kai-cyberagent.co.jp.Tech-Accel-Travel-BookTests";
				PRODUCT_NAME = "$(TARGET_NAME)";
				SWIFT_EMIT_LOC_STRINGS = NO;
				SWIFT_VERSION = 5.0;
				TARGETED_DEVICE_FAMILY = "1,2";
				TEST_HOST = "$(BUILT_PRODUCTS_DIR)/Tech_Accel_Travel_Book.app/$(BUNDLE_EXECUTABLE_FOLDER_PATH)/Tech_Accel_Travel_Book";
			};
			name = Debug;
		};
		1C7B1258297B8FDA00D784A3 /* Release */ = {
			isa = XCBuildConfiguration;
			buildSettings = {
				ALWAYS_EMBED_SWIFT_STANDARD_LIBRARIES = YES;
				BUNDLE_LOADER = "$(TEST_HOST)";
				CODE_SIGN_STYLE = Automatic;
				CURRENT_PROJECT_VERSION = 1;
				GENERATE_INFOPLIST_FILE = YES;
				IPHONEOS_DEPLOYMENT_TARGET = 16.1;
				MARKETING_VERSION = 1.0;
				PRODUCT_BUNDLE_IDENTIFIER = "tanobe-kai-cyberagent.co.jp.Tech-Accel-Travel-BookTests";
				PRODUCT_NAME = "$(TARGET_NAME)";
				SWIFT_EMIT_LOC_STRINGS = NO;
				SWIFT_VERSION = 5.0;
				TARGETED_DEVICE_FAMILY = "1,2";
				TEST_HOST = "$(BUILT_PRODUCTS_DIR)/Tech_Accel_Travel_Book.app/$(BUNDLE_EXECUTABLE_FOLDER_PATH)/Tech_Accel_Travel_Book";
			};
			name = Release;
		};
		1C7B125A297B8FDA00D784A3 /* Debug */ = {
			isa = XCBuildConfiguration;
			buildSettings = {
				ALWAYS_EMBED_SWIFT_STANDARD_LIBRARIES = YES;
				CODE_SIGN_STYLE = Automatic;
				CURRENT_PROJECT_VERSION = 1;
				GENERATE_INFOPLIST_FILE = YES;
				MARKETING_VERSION = 1.0;
				PRODUCT_BUNDLE_IDENTIFIER = "tanobe-kai-cyberagent.co.jp.Tech-Accel-Travel-BookUITests";
				PRODUCT_NAME = "$(TARGET_NAME)";
				SWIFT_EMIT_LOC_STRINGS = NO;
				SWIFT_VERSION = 5.0;
				TARGETED_DEVICE_FAMILY = "1,2";
				TEST_TARGET_NAME = Tech_Accel_Travel_Book;
			};
			name = Debug;
		};
		1C7B125B297B8FDA00D784A3 /* Release */ = {
			isa = XCBuildConfiguration;
			buildSettings = {
				ALWAYS_EMBED_SWIFT_STANDARD_LIBRARIES = YES;
				CODE_SIGN_STYLE = Automatic;
				CURRENT_PROJECT_VERSION = 1;
				GENERATE_INFOPLIST_FILE = YES;
				MARKETING_VERSION = 1.0;
				PRODUCT_BUNDLE_IDENTIFIER = "tanobe-kai-cyberagent.co.jp.Tech-Accel-Travel-BookUITests";
				PRODUCT_NAME = "$(TARGET_NAME)";
				SWIFT_EMIT_LOC_STRINGS = NO;
				SWIFT_VERSION = 5.0;
				TARGETED_DEVICE_FAMILY = "1,2";
				TEST_TARGET_NAME = Tech_Accel_Travel_Book;
			};
			name = Release;
		};
/* End XCBuildConfiguration section */

/* Begin XCConfigurationList section */
		1C7B1224297B8FD800D784A3 /* Build configuration list for PBXProject "Tech_Accel_Travel_Book" */ = {
			isa = XCConfigurationList;
			buildConfigurations = (
				1C7B1251297B8FDA00D784A3 /* Debug */,
				1C7B1252297B8FDA00D784A3 /* Release */,
			);
			defaultConfigurationIsVisible = 0;
			defaultConfigurationName = Release;
		};
		1C7B1253297B8FDA00D784A3 /* Build configuration list for PBXNativeTarget "Tech_Accel_Travel_Book" */ = {
			isa = XCConfigurationList;
			buildConfigurations = (
				1C7B1254297B8FDA00D784A3 /* Debug */,
				1C7B1255297B8FDA00D784A3 /* Release */,
			);
			defaultConfigurationIsVisible = 0;
			defaultConfigurationName = Release;
		};
		1C7B1256297B8FDA00D784A3 /* Build configuration list for PBXNativeTarget "Tech_Accel_Travel_BookTests" */ = {
			isa = XCConfigurationList;
			buildConfigurations = (
				1C7B1257297B8FDA00D784A3 /* Debug */,
				1C7B1258297B8FDA00D784A3 /* Release */,
			);
			defaultConfigurationIsVisible = 0;
			defaultConfigurationName = Release;
		};
		1C7B1259297B8FDA00D784A3 /* Build configuration list for PBXNativeTarget "Tech_Accel_Travel_BookUITests" */ = {
			isa = XCConfigurationList;
			buildConfigurations = (
				1C7B125A297B8FDA00D784A3 /* Debug */,
				1C7B125B297B8FDA00D784A3 /* Release */,
			);
			defaultConfigurationIsVisible = 0;
			defaultConfigurationName = Release;
		};
/* End XCConfigurationList section */

/* Begin XCRemoteSwiftPackageReference section */
		1C7B125C297B901700D784A3 /* XCRemoteSwiftPackageReference "realm-swift" */ = {
			isa = XCRemoteSwiftPackageReference;
			repositoryURL = "https://github.com/realm/realm-swift";
			requirement = {
				branch = master;
				kind = branch;
			};
		};
/* End XCRemoteSwiftPackageReference section */

/* Begin XCSwiftPackageProductDependency section */
		1C7B125D297B901700D784A3 /* Realm */ = {
			isa = XCSwiftPackageProductDependency;
			package = 1C7B125C297B901700D784A3 /* XCRemoteSwiftPackageReference "realm-swift" */;
			productName = Realm;
		};
		1C7B125F297B901700D784A3 /* RealmSwift */ = {
			isa = XCSwiftPackageProductDependency;
			package = 1C7B125C297B901700D784A3 /* XCRemoteSwiftPackageReference "realm-swift" */;
			productName = RealmSwift;
		};
/* End XCSwiftPackageProductDependency section */
	};
	rootObject = 1C7B1221297B8FD800D784A3 /* Project object */;
}
